{
  "requires": true,
  "lockfileVersion": 1,
  "dependencies": {
    "@angular/cdk": {
      "version": "5.2.4",
      "resolved": "https://registry.npmjs.org/@angular/cdk/-/cdk-5.2.4.tgz",
      "integrity": "sha1-wKQpqHENj+2xV/VG4hy0nUM19/c=",
      "requires": {
        "tslib": "1.9.0"
      }
    },
    "@angular/material": {
      "version": "5.2.4",
      "resolved": "https://registry.npmjs.org/@angular/material/-/material-5.2.4.tgz",
      "integrity": "sha1-noI3mDJCg9I+qDkVb6xby3NEPVU=",
      "requires": {
        "tslib": "1.9.0"
      }
    },
    "angular": {
      "version": "1.6.9",
      "resolved": "https://registry.npmjs.org/angular/-/angular-1.6.9.tgz",
      "integrity": "sha512-6igWH2GIsxV+J38wNWCh8oyjaZsrIPIDO35twloIUyjlF2Yit6UyLAWujHP05ma/LFxTsx4NtYibRoMNBXPR1A=="
    },
    "angular-cookies": {
      "version": "1.4.8",
      "resolved": "https://registry.npmjs.org/angular-cookies/-/angular-cookies-1.4.8.tgz",
      "integrity": "sha1-B9tLugI0BTxkEj6VjxrTF9j9Htc="
    },
    "angular-material-time-picker": {
      "version": "1.0.8",
      "resolved": "https://registry.npmjs.org/angular-material-time-picker/-/angular-material-time-picker-1.0.8.tgz",
      "integrity": "sha1-x1aVtoalduIAKW6ETjAquh8ky0o="
    },
    "angular-messages": {
      "version": "1.4.8",
      "resolved": "https://registry.npmjs.org/angular-messages/-/angular-messages-1.4.8.tgz",
      "integrity": "sha1-L6Up1Zq822ZkMP5UQ7nFy6g4D9Q="
    },
    "angular-sanitize": {
      "version": "1.6.10",
      "resolved": "https://registry.npmjs.org/angular-sanitize/-/angular-sanitize-1.6.10.tgz",
      "integrity": "sha512-01i1Xoq9ykUrsoYQMSB6dWZmPp9Df5hfCqMAGGzJBWZ7L2WY0OtUphdI0YvR8ZF9lAsWtGNtsEFilObjq5nTgQ=="
    },
    "ngstorage": {
      "version": "0.3.11",
      "resolved": "https://registry.npmjs.org/ngstorage/-/ngstorage-0.3.11.tgz",
      "integrity": "sha1-FjfEW4ctkJ2cx+GLN0iY1QsuhE8="
    },
    "tslib": {
      "version": "1.9.0",
      "resolved": "https://registry.npmjs.org/tslib/-/tslib-1.9.0.tgz",
      "integrity": "sha512-f/qGG2tUkrISBlQZEjEqoZ3B2+npJjIf04H1wuAv9iA8i04Icp+61KRXxFdha22670NJopsZCIjhC3SnjPRKrQ=="
    }
  }
}
